
Microsoft Visual Studio Solution File, Format Version 12.00
# Visual Studio Version 16
VisualStudioVersion = 16.0.30104.148
MinimumVisualStudioVersion = 10.0.40219.1
Project("{FAE04EC0-301F-11D3-BF4B-00C04F79EFBC}") = "Maersk.PromotionEngine.Api", "Maersk.PromotionEngine.Api\Maersk.PromotionEngine.Api.csproj", "{B8E15D4F-2D2C-499C-A75D-3C5B42142A99}"
EndProject
Project("{2150E333-8FDC-42A3-9474-1A3956D46DE8}") = "Test", "Test", "{7B44EF5B-A097-4E4E-91C7-FF91940633CF}"
EndProject
Project("{FAE04EC0-301F-11D3-BF4B-00C04F79EFBC}") = "Maersk.PromotionEngine.L0", "Test\Maersk.PromotionEngine.L0\Maersk.PromotionEngine.L0.csproj", "{39A28988-E007-4E81-A7A0-EC13C8B90EB4}"
EndProject
Global
	GlobalSection(SolutionConfigurationPlatforms) = preSolution
		Debug|Any CPU = Debug|Any CPU
		Release|Any CPU = Release|Any CPU
	EndGlobalSection
	GlobalSection(ProjectConfigurationPlatforms) = postSolution
		{B8E15D4F-2D2C-499C-A75D-3C5B42142A99}.Debug|Any CPU.ActiveCfg = Debug|Any CPU
		{B8E15D4F-2D2C-499C-A75D-3C5B42142A99}.Debug|Any CPU.Build.0 = Debug|Any CPU
		{B8E15D4F-2D2C-499C-A75D-3C5B42142A99}.Release|Any CPU.ActiveCfg = Release|Any CPU
		{B8E15D4F-2D2C-499C-A75D-3C5B42142A99}.Release|Any CPU.Build.0 = Release|Any CPU
		{39A28988-E007-4E81-A7A0-EC13C8B90EB4}.Debug|Any CPU.ActiveCfg = Debug|Any CPU
		{39A28988-E007-4E81-A7A0-EC13C8B90EB4}.Debug|Any CPU.Build.0 = Debug|Any CPU
		{39A28988-E007-4E81-A7A0-EC13C8B90EB4}.Release|Any CPU.ActiveCfg = Release|Any CPU
		{39A28988-E007-4E81-A7A0-EC13C8B90EB4}.Release|Any CPU.Build.0 = Release|Any CPU
	EndGlobalSection
	GlobalSection(SolutionProperties) = preSolution
		HideSolutionNode = FALSE
	EndGlobalSection
	GlobalSection(NestedProjects) = preSolution
		{39A28988-E007-4E81-A7A0-EC13C8B90EB4} = {7B44EF5B-A097-4E4E-91C7-FF91940633CF}
	EndGlobalSection
	GlobalSection(ExtensibilityGlobals) = postSolution
		SolutionGuid = {A9FD6156-E5C6-4098-A226-B167DE5281F8}
	EndGlobalSection
EndGlobal
